
Microsoft Visual Studio Solution File, Format Version 12.00
# Visual Studio 15
VisualStudioVersion = 15.0.26430.13
MinimumVisualStudioVersion = 10.0.40219.1
Project("{FAE04EC0-301F-11D3-BF4B-00C04F79EFBC}") = "RiskBowTieNWR", "RiskBowTieNWR\RiskBowTieNWR.csproj", "{104863C9-24CD-4B90-9D34-2091AC79B8A5}"
EndProject
Project("{FAE04EC0-301F-11D3-BF4B-00C04F79EFBC}") = "SC.Api", "..\sharpcloud\Solutions\SC.Api\SC.Api.csproj", "{F8019C77-80A4-4C01-A7E2-6A041A96C0F2}"
EndProject
Project("{FAE04EC0-301F-11D3-BF4B-00C04F79EFBC}") = "SC.API.ComInterop", "..\sharpcloud\Solutions\SC.API.ComInterop\SC.API.ComInterop.csproj", "{A8CFBB13-E5F8-41EF-92EB-63A97099F565}"
EndProject
Global
	GlobalSection(SolutionConfigurationPlatforms) = preSolution
		Debug|Any CPU = Debug|Any CPU
		Release|Any CPU = Release|Any CPU
	EndGlobalSection
	GlobalSection(ProjectConfigurationPlatforms) = postSolution
		{104863C9-24CD-4B90-9D34-2091AC79B8A5}.Debug|Any CPU.ActiveCfg = Debug|Any CPU
		{104863C9-24CD-4B90-9D34-2091AC79B8A5}.Debug|Any CPU.Build.0 = Debug|Any CPU
		{104863C9-24CD-4B90-9D34-2091AC79B8A5}.Release|Any CPU.ActiveCfg = Release|Any CPU
		{104863C9-24CD-4B90-9D34-2091AC79B8A5}.Release|Any CPU.Build.0 = Release|Any CPU
		{F8019C77-80A4-4C01-A7E2-6A041A96C0F2}.Debug|Any CPU.ActiveCfg = Debug|Any CPU
		{F8019C77-80A4-4C01-A7E2-6A041A96C0F2}.Debug|Any CPU.Build.0 = Debug|Any CPU
		{F8019C77-80A4-4C01-A7E2-6A041A96C0F2}.Release|Any CPU.ActiveCfg = Release|Any CPU
		{F8019C77-80A4-4C01-A7E2-6A041A96C0F2}.Release|Any CPU.Build.0 = Release|Any CPU
		{A8CFBB13-E5F8-41EF-92EB-63A97099F565}.Debug|Any CPU.ActiveCfg = Debug|Any CPU
		{A8CFBB13-E5F8-41EF-92EB-63A97099F565}.Debug|Any CPU.Build.0 = Debug|Any CPU
		{A8CFBB13-E5F8-41EF-92EB-63A97099F565}.Release|Any CPU.ActiveCfg = Release|Any CPU
		{A8CFBB13-E5F8-41EF-92EB-63A97099F565}.Release|Any CPU.Build.0 = Release|Any CPU
	EndGlobalSection
	GlobalSection(SolutionProperties) = preSolution
		HideSolutionNode = FALSE
	EndGlobalSection
EndGlobal
